
Microsoft Visual Studio Solution File, Format Version 12.00
# Visual Studio Version 17
VisualStudioVersion = 17.4.33213.308
MinimumVisualStudioVersion = 10.0.40219.1
Project("{FAE04EC0-301F-11D3-BF4B-00C04F79EFBC}") = "DS1 - Aziz Belhadj Sayar", "DS1\DS1 - Aziz Belhadj Sayar.csproj", "{8ACEF25E-9E65-4353-970E-5195F81A199A}"
EndProject
Global
	GlobalSection(SolutionConfigurationPlatforms) = preSolution
		Debug|Any CPU = Debug|Any CPU
		Release|Any CPU = Release|Any CPU
	EndGlobalSection
	GlobalSection(ProjectConfigurationPlatforms) = postSolution
		{8ACEF25E-9E65-4353-970E-5195F81A199A}.Debug|Any CPU.ActiveCfg = Debug|Any CPU
		{8ACEF25E-9E65-4353-970E-5195F81A199A}.Debug|Any CPU.Build.0 = Debug|Any CPU
		{8ACEF25E-9E65-4353-970E-5195F81A199A}.Release|Any CPU.ActiveCfg = Release|Any CPU
		{8ACEF25E-9E65-4353-970E-5195F81A199A}.Release|Any CPU.Build.0 = Release|Any CPU
	EndGlobalSection
	GlobalSection(SolutionProperties) = preSolution
		HideSolutionNode = FALSE
	EndGlobalSection
	GlobalSection(ExtensibilityGlobals) = postSolution
		SolutionGuid = {9E22B6EE-1601-4ADF-82C6-C865F8EA8021}
	EndGlobalSection
EndGlobal
